
Microsoft Visual Studio Solution File, Format Version 12.00
# Visual Studio 15
VisualStudioVersion = 15.0.28307.960
MinimumVisualStudioVersion = 10.0.40219.1
Project("{FAE04EC0-301F-11D3-BF4B-00C04F79EFBC}") = "ComicDownloader", "ComicDownloader\ComicDownloader.csproj", "{8C259F12-3D07-4363-9C2B-566D7202F720}"
EndProject
Global
	GlobalSection(SolutionConfigurationPlatforms) = preSolution
		Debug|Any CPU = Debug|Any CPU
		Release|Any CPU = Release|Any CPU
	EndGlobalSection
	GlobalSection(ProjectConfigurationPlatforms) = postSolution
		{8C259F12-3D07-4363-9C2B-566D7202F720}.Debug|Any CPU.ActiveCfg = Debug|Any CPU
		{8C259F12-3D07-4363-9C2B-566D7202F720}.Debug|Any CPU.Build.0 = Debug|Any CPU
		{8C259F12-3D07-4363-9C2B-566D7202F720}.Release|Any CPU.ActiveCfg = Release|Any CPU
		{8C259F12-3D07-4363-9C2B-566D7202F720}.Release|Any CPU.Build.0 = Release|Any CPU
	EndGlobalSection
	GlobalSection(SolutionProperties) = preSolution
		HideSolutionNode = FALSE
	EndGlobalSection
	GlobalSection(ExtensibilityGlobals) = postSolution
		SolutionGuid = {0532D557-332F-4FC7-B81B-A4E562A92416}
	EndGlobalSection
EndGlobal
